
Microsoft Visual Studio Solution File, Format Version 12.00
# Visual Studio Version 17
VisualStudioVersion = 17.9.34714.143
MinimumVisualStudioVersion = 10.0.40219.1
Project("{FAE04EC0-301F-11D3-BF4B-00C04F79EFBC}") = "HRproject", "HRproject.csproj", "{72DFF6B4-F3BE-4275-B92B-3617CB29C071}"
EndProject
Project("{2150E333-8FDC-42A3-9474-1A3956D46DE8}") = "Solution Items", "Solution Items", "{DFB9433F-67FA-424E-AB8D-473251B20917}"
EndProject
Global
	GlobalSection(SolutionConfigurationPlatforms) = preSolution
		Debug|Any CPU = Debug|Any CPU
		Release|Any CPU = Release|Any CPU
	EndGlobalSection
	GlobalSection(ProjectConfigurationPlatforms) = postSolution
		{72DFF6B4-F3BE-4275-B92B-3617CB29C071}.Debug|Any CPU.ActiveCfg = Debug|Any CPU
		{72DFF6B4-F3BE-4275-B92B-3617CB29C071}.Debug|Any CPU.Build.0 = Debug|Any CPU
		{72DFF6B4-F3BE-4275-B92B-3617CB29C071}.Release|Any CPU.ActiveCfg = Release|Any CPU
		{72DFF6B4-F3BE-4275-B92B-3617CB29C071}.Release|Any CPU.Build.0 = Release|Any CPU
	EndGlobalSection
	GlobalSection(SolutionProperties) = preSolution
		HideSolutionNode = FALSE
	EndGlobalSection
	GlobalSection(ExtensibilityGlobals) = postSolution
		SolutionGuid = {EC196EF6-2FA8-433A-815B-DE9423D52710}
	EndGlobalSection
EndGlobal
